
Microsoft Visual Studio Solution File, Format Version 12.00
# Visual Studio 15
VisualStudioVersion = 15.0.28307.1500
MinimumVisualStudioVersion = 10.0.40219.1
Project("{FAE04EC0-301F-11D3-BF4B-00C04F79EFBC}") = "HospitalEmergencyApplicationWebAPI", "HospitalEmergencyApplicationWebAPI\HospitalEmergencyApplicationWebAPI.csproj", "{5911F134-99AD-4DAC-9272-5B35BFFDDFD5}"
EndProject
Global
	GlobalSection(SolutionConfigurationPlatforms) = preSolution
		Debug|Any CPU = Debug|Any CPU
		Release|Any CPU = Release|Any CPU
	EndGlobalSection
	GlobalSection(ProjectConfigurationPlatforms) = postSolution
		{5911F134-99AD-4DAC-9272-5B35BFFDDFD5}.Debug|Any CPU.ActiveCfg = Debug|Any CPU
		{5911F134-99AD-4DAC-9272-5B35BFFDDFD5}.Debug|Any CPU.Build.0 = Debug|Any CPU
		{5911F134-99AD-4DAC-9272-5B35BFFDDFD5}.Release|Any CPU.ActiveCfg = Release|Any CPU
		{5911F134-99AD-4DAC-9272-5B35BFFDDFD5}.Release|Any CPU.Build.0 = Release|Any CPU
	EndGlobalSection
	GlobalSection(SolutionProperties) = preSolution
		HideSolutionNode = FALSE
	EndGlobalSection
	GlobalSection(ExtensibilityGlobals) = postSolution
		SolutionGuid = {B66B190E-4B75-49C9-96B7-9471B830BF13}
	EndGlobalSection
EndGlobal
